
Microsoft Visual Studio Solution File, Format Version 12.00
# Visual Studio Version 16
VisualStudioVersion = 16.0.30717.126
MinimumVisualStudioVersion = 10.0.40219.1
Project("{FAE04EC0-301F-11D3-BF4B-00C04F79EFBC}") = "SaveInFile", "SaveInFile\SaveInFile.csproj", "{12C29DBB-58A2-44A8-A7F4-45F48CEA1B96}"
EndProject
Global
	GlobalSection(SolutionConfigurationPlatforms) = preSolution
		Debug|Any CPU = Debug|Any CPU
		Release|Any CPU = Release|Any CPU
	EndGlobalSection
	GlobalSection(ProjectConfigurationPlatforms) = postSolution
		{12C29DBB-58A2-44A8-A7F4-45F48CEA1B96}.Debug|Any CPU.ActiveCfg = Debug|Any CPU
		{12C29DBB-58A2-44A8-A7F4-45F48CEA1B96}.Debug|Any CPU.Build.0 = Debug|Any CPU
		{12C29DBB-58A2-44A8-A7F4-45F48CEA1B96}.Release|Any CPU.ActiveCfg = Release|Any CPU
		{12C29DBB-58A2-44A8-A7F4-45F48CEA1B96}.Release|Any CPU.Build.0 = Release|Any CPU
	EndGlobalSection
	GlobalSection(SolutionProperties) = preSolution
		HideSolutionNode = FALSE
	EndGlobalSection
	GlobalSection(ExtensibilityGlobals) = postSolution
		SolutionGuid = {597219CB-C59C-4A8E-ACF5-9FDD31BEFB97}
	EndGlobalSection
EndGlobal
